
Microsoft Visual Studio Solution File, Format Version 12.00
# Visual Studio 2017
Project("{FAE04EC0-301F-11D3-BF4B-00C04F79EFBC}") = "CandySouls", "CandySouls.csproj", "{C2140F44-3558-1B76-43F3-41A3856F511F}"
EndProject
Project("{FAE04EC0-301F-11D3-BF4B-00C04F79EFBC}") = "CandySouls.Plugins", "CandySouls.Plugins.csproj", "{FFB28150-FFCC-F5EE-D3E0-E7617348C0C3}"
EndProject
Project("{FAE04EC0-301F-11D3-BF4B-00C04F79EFBC}") = "CandySouls.Editor", "CandySouls.Editor.csproj", "{49F6A5A4-C720-497D-1673-6E821A83668F}"
EndProject
Project("{FAE04EC0-301F-11D3-BF4B-00C04F79EFBC}") = "CandySouls.Editor.Plugins", "CandySouls.Editor.Plugins.csproj", "{70EB8AA0-6B5D-1177-8CEC-D57628B6C13E}"
EndProject
Global
	GlobalSection(SolutionConfigurationPlatforms) = preSolution
		Debug|Any CPU = Debug|Any CPU
		Release|Any CPU = Release|Any CPU
	EndGlobalSection
	GlobalSection(ProjectConfigurationPlatforms) = postSolution
		{C2140F44-3558-1B76-43F3-41A3856F511F}.Debug|Any CPU.ActiveCfg = Debug|Any CPU
		{C2140F44-3558-1B76-43F3-41A3856F511F}.Debug|Any CPU.Build.0 = Debug|Any CPU
		{C2140F44-3558-1B76-43F3-41A3856F511F}.Release|Any CPU.ActiveCfg = Release|Any CPU
		{C2140F44-3558-1B76-43F3-41A3856F511F}.Release|Any CPU.Build.0 = Release|Any CPU
		{FFB28150-FFCC-F5EE-D3E0-E7617348C0C3}.Debug|Any CPU.ActiveCfg = Debug|Any CPU
		{FFB28150-FFCC-F5EE-D3E0-E7617348C0C3}.Debug|Any CPU.Build.0 = Debug|Any CPU
		{FFB28150-FFCC-F5EE-D3E0-E7617348C0C3}.Release|Any CPU.ActiveCfg = Release|Any CPU
		{FFB28150-FFCC-F5EE-D3E0-E7617348C0C3}.Release|Any CPU.Build.0 = Release|Any CPU
		{49F6A5A4-C720-497D-1673-6E821A83668F}.Debug|Any CPU.ActiveCfg = Debug|Any CPU
		{49F6A5A4-C720-497D-1673-6E821A83668F}.Debug|Any CPU.Build.0 = Debug|Any CPU
		{49F6A5A4-C720-497D-1673-6E821A83668F}.Release|Any CPU.ActiveCfg = Release|Any CPU
		{49F6A5A4-C720-497D-1673-6E821A83668F}.Release|Any CPU.Build.0 = Release|Any CPU
		{70EB8AA0-6B5D-1177-8CEC-D57628B6C13E}.Debug|Any CPU.ActiveCfg = Debug|Any CPU
		{70EB8AA0-6B5D-1177-8CEC-D57628B6C13E}.Debug|Any CPU.Build.0 = Debug|Any CPU
		{70EB8AA0-6B5D-1177-8CEC-D57628B6C13E}.Release|Any CPU.ActiveCfg = Release|Any CPU
		{70EB8AA0-6B5D-1177-8CEC-D57628B6C13E}.Release|Any CPU.Build.0 = Release|Any CPU
	EndGlobalSection
	GlobalSection(SolutionProperties) = preSolution
		HideSolutionNode = FALSE
	EndGlobalSection
EndGlobal
